{
  "name": "marketplace-microservices",
  "version": "1.0.0",
  "lockfileVersion": 3,
  "requires": true,
  "packages": {
    "": {
      "name": "marketplace-microservices",
      "version": "1.0.0",
      "license": "MIT",
      "dependencies": {
        "marketplace-microservices": "file:"
      }
    },
    "node_modules/marketplace-microservices": {
      "resolved": "",
      "link": true
    }
  }
}
